
Microsoft Visual Studio Solution File, Format Version 12.00
# Visual Studio Version 17
VisualStudioVersion = 17.4.33213.308
MinimumVisualStudioVersion = 10.0.40219.1
Project("{9A19103F-16F7-4668-BE54-9A1E7A4F7556}") = "DanismaSira", "DanismaSira.csproj", "{8F8C1A4B-A0BC-4C86-9A95-062509B5112E}"
EndProject
Project("{9A19103F-16F7-4668-BE54-9A1E7A4F7556}") = "EntityLayer", "..\EntityLayer\EntityLayer.csproj", "{9DF6731A-0D61-47FC-965F-331BD8A5066A}"
EndProject
Project("{9A19103F-16F7-4668-BE54-9A1E7A4F7556}") = "DataAccessLayer", "..\DataAccessLayer\DataAccessLayer.csproj", "{99C604F3-9422-42A8-8712-CE78E6BCB4DB}"
EndProject
Project("{FAE04EC0-301F-11D3-BF4B-00C04F79EFBC}") = "DanismaSiraUser", "..\DanismaSiraUser\DanismaSiraUser.csproj", "{8042B4E1-DAA0-4894-A5CC-726C03950103}"
	ProjectSection(ProjectDependencies) = postProject
		{99C604F3-9422-42A8-8712-CE78E6BCB4DB} = {99C604F3-9422-42A8-8712-CE78E6BCB4DB}
		{9DF6731A-0D61-47FC-965F-331BD8A5066A} = {9DF6731A-0D61-47FC-965F-331BD8A5066A}
	EndProjectSection
EndProject
Project("{FAE04EC0-301F-11D3-BF4B-00C04F79EFBC}") = "DanismaSiraAO", "..\DanismaSiraAO\DanismaSiraAO.csproj", "{275F14DB-8BDA-4658-A293-B63D2D668C64}"
EndProject
Global
	GlobalSection(SolutionConfigurationPlatforms) = preSolution
		Debug|Any CPU = Debug|Any CPU
		Release|Any CPU = Release|Any CPU
	EndGlobalSection
	GlobalSection(ProjectConfigurationPlatforms) = postSolution
		{8F8C1A4B-A0BC-4C86-9A95-062509B5112E}.Debug|Any CPU.ActiveCfg = Debug|Any CPU
		{8F8C1A4B-A0BC-4C86-9A95-062509B5112E}.Debug|Any CPU.Build.0 = Debug|Any CPU
		{8F8C1A4B-A0BC-4C86-9A95-062509B5112E}.Release|Any CPU.ActiveCfg = Release|Any CPU
		{8F8C1A4B-A0BC-4C86-9A95-062509B5112E}.Release|Any CPU.Build.0 = Release|Any CPU
		{9DF6731A-0D61-47FC-965F-331BD8A5066A}.Debug|Any CPU.ActiveCfg = Debug|Any CPU
		{9DF6731A-0D61-47FC-965F-331BD8A5066A}.Debug|Any CPU.Build.0 = Debug|Any CPU
		{9DF6731A-0D61-47FC-965F-331BD8A5066A}.Release|Any CPU.ActiveCfg = Release|Any CPU
		{9DF6731A-0D61-47FC-965F-331BD8A5066A}.Release|Any CPU.Build.0 = Release|Any CPU
		{99C604F3-9422-42A8-8712-CE78E6BCB4DB}.Debug|Any CPU.ActiveCfg = Debug|Any CPU
		{99C604F3-9422-42A8-8712-CE78E6BCB4DB}.Debug|Any CPU.Build.0 = Debug|Any CPU
		{99C604F3-9422-42A8-8712-CE78E6BCB4DB}.Release|Any CPU.ActiveCfg = Release|Any CPU
		{99C604F3-9422-42A8-8712-CE78E6BCB4DB}.Release|Any CPU.Build.0 = Release|Any CPU
		{8042B4E1-DAA0-4894-A5CC-726C03950103}.Debug|Any CPU.ActiveCfg = Debug|Any CPU
		{8042B4E1-DAA0-4894-A5CC-726C03950103}.Debug|Any CPU.Build.0 = Debug|Any CPU
		{8042B4E1-DAA0-4894-A5CC-726C03950103}.Release|Any CPU.ActiveCfg = Release|Any CPU
		{8042B4E1-DAA0-4894-A5CC-726C03950103}.Release|Any CPU.Build.0 = Release|Any CPU
		{275F14DB-8BDA-4658-A293-B63D2D668C64}.Debug|Any CPU.ActiveCfg = Debug|Any CPU
		{275F14DB-8BDA-4658-A293-B63D2D668C64}.Debug|Any CPU.Build.0 = Debug|Any CPU
		{275F14DB-8BDA-4658-A293-B63D2D668C64}.Release|Any CPU.ActiveCfg = Release|Any CPU
		{275F14DB-8BDA-4658-A293-B63D2D668C64}.Release|Any CPU.Build.0 = Release|Any CPU
	EndGlobalSection
	GlobalSection(SolutionProperties) = preSolution
		HideSolutionNode = FALSE
	EndGlobalSection
	GlobalSection(ExtensibilityGlobals) = postSolution
		SolutionGuid = {535B97D8-000E-48BF-9ABF-F75DB9189AF3}
	EndGlobalSection
EndGlobal
